{
  "version": "4",
  "specifiers": {
    "npm:antlr4ng-cli@2": "2.0.0",
    "npm:antlr4ng@^3.0.10": "3.0.10_antlr4ng-cli@2.0.0",
    "npm:esbuild-plugin-tsc@0.4": "0.4.0_typescript@5.7.2"
  },
  "npm": {
    "antlr4ng-cli@2.0.0": {
      "integrity": "sha512-oAt5OSSYhRQn1PgahtpAP4Vp3BApCoCqlzX7Q8ZUWWls4hX59ryYuu0t7Hwrnfk796OxP/vgIJaqxdltd/oEvQ=="
    },
    "antlr4ng@3.0.10_antlr4ng-cli@2.0.0": {
      "integrity": "sha512-6n4zZzQ5CXAvoGFDn1EMK/AU8j6NEX9ZNQhydkixODoH8yW2/AAthhUChlKzJ2NCt699AxTIFhMtPCpKM/G+0A==",
      "dependencies": [
        "antlr4ng-cli"
      ]
    },
    "esbuild-plugin-tsc@0.4.0_typescript@5.7.2": {
      "integrity": "sha512-q9gWIovt1nkwchMLc2zhyksaiHOv3kDK4b0AUol8lkMCRhJ1zavgfb2fad6BKp7FT9rh/OHmEBXVjczLoi/0yw==",
      "dependencies": [
        "strip-comments",
        "typescript"
      ]
    },
    "strip-comments@2.0.1": {
      "integrity": "sha512-ZprKx+bBLXv067WTCALv8SSz5l2+XhpYCsVtSqlMnkAXMWDq+/ekVbl1ghqP9rUHTzv6sm/DwCOiYutU/yp1fw=="
    },
    "typescript@5.7.2": {
      "integrity": "sha512-i5t66RHxDvVN40HfDd1PsEThGNnlMCMT3jMUuoh9/0TaqWevNontacunWyN02LA9/fIbEWlcHZcgTKb9QoaLfg=="
    }
  },
  "workspace": {
    "packageJson": {
      "dependencies": [
        "npm:antlr4ng-cli@2",
        "npm:antlr4ng@^3.0.10",
        "npm:canvas@^3.1.0",
        "npm:esbuild-plugin-tsc@0.4",
        "npm:esbuild-svelte@~0.9.3",
        "npm:esbuild@~0.25.11",
        "npm:htm@^3.1.1",
        "npm:jszip@^3.10.1",
        "npm:monaco-editor@~0.52.2",
        "npm:svelte-preprocess@^6.0.3",
        "npm:svelte@^5.38.1"
      ]
    }
  }
}
