{
  "name": "qbc",
  "lockfileVersion": 3,
  "requires": true,
  "packages": {
    "": {
      "dependencies": {
        "antlr4ng": "^3.0.9"
      },
      "devDependencies": {
        "antlr4ng-cli": "^2.0.0"
      }
    },
    "node_modules/antlr4ng": {
      "version": "3.0.9",
      "resolved": "https://registry.npmjs.org/antlr4ng/-/antlr4ng-3.0.9.tgz",
      "integrity": "sha512-xRl3RNanvJwKdBDHrqOcESJGO/0vraqtPuJPkaO3RH1zME3+2jkjMtZJjVSFR2Nt4oh9tW7U6/iX4EBSxaiUBw==",
      "license": "BSD-3-Clause",
      "peerDependencies": {
        "antlr4ng-cli": "^2.0.0"
      }
    },
    "node_modules/antlr4ng-cli": {
      "version": "2.0.0",
      "resolved": "https://registry.npmjs.org/antlr4ng-cli/-/antlr4ng-cli-2.0.0.tgz",
      "integrity": "sha512-oAt5OSSYhRQn1PgahtpAP4Vp3BApCoCqlzX7Q8ZUWWls4hX59ryYuu0t7Hwrnfk796OxP/vgIJaqxdltd/oEvQ==",
      "license": "BSD-3-Clause",
      "bin": {
        "antlr4ng": "index.js"
      }
    }
  }
}
